
Microsoft Visual Studio Solution File, Format Version 12.00
# Visual Studio 15
VisualStudioVersion = 15.0.26430.12
MinimumVisualStudioVersion = 10.0.40219.1
Project("{8BC9CEB8-8B4A-11D0-8D11-00A0C91BC942}") = "example", "example.vcxproj", "{130629F0-649C-4E82-B00A-590905509FFB}"
EndProject
Global
	GlobalSection(SolutionConfigurationPlatforms) = preSolution
		GTAIV|Xbox 360 = GTAIV|Xbox 360
		GTAIV|Playstation 3 = GTAIV|Playstation 3
		GTAIV|PC = GTAIV|PC
		GTAIV TLAD|Xbox 360 = GTAIV TLAD|Xbox 360
		GTAIV TLAD|Playstation 3 = GTAIV TLAD|Playstation 3
		GTAIV TLAD|PC = GTAIV TLAD|PC
		GTAIV TBOGT|Xbox 360 = GTAIV TBOGT|Xbox 360
		GTAIV TBOGT|Playstation 3 = GTAIV TBOGT|Playstation 3
		GTAIV TBOGT|PC = GTAIV TBOGT|PC
		RDR SCO|Xbox 360 = RDR SCO|Xbox 360
		RDR SCO|Playstation 3 = RDR SCO|Playstation 3
		RDR SCO|PC = RDR SCO|PC
		RDR _SC|Xbox 360 = RDR _SC|Xbox 360
		RDR _SC|Playstation 3 = RDR _SC|Playstation 3
		RDR _SC|PC = RDR _SC|PC
		GTAV|Xbox 360 = GTAV|Xbox 360
		GTAV|Playstation 3 = GTAV|Playstation 3
		GTAV|PC = GTAV|PC
	EndGlobalSection
	GlobalSection(ProjectConfigurationPlatforms) = postSolution
		{130629F0-649C-4E82-B00A-590905509FFB}.GTAIV|Xbox 360.ActiveCfg = GTAIV|Win32
		{130629F0-649C-4E82-B00A-590905509FFB}.GTAIV|Xbox 360.Build.0 = GTAIV|Win32
		{130629F0-649C-4E82-B00A-590905509FFB}.GTAIV|Playstation 3.ActiveCfg = GTAIV|Itanium
		{130629F0-649C-4E82-B00A-590905509FFB}.GTAIV|Playstation 3.Build.0 = GTAIV|Itanium
		{130629F0-649C-4E82-B00A-590905509FFB}.GTAIV|PC.ActiveCfg = GTAIV|x64
		{130629F0-649C-4E82-B00A-590905509FFB}.GTAIV|PC.Build.0 = GTAIV|x64
		{130629F0-649C-4E82-B00A-590905509FFB}.GTAIV TLAD|Xbox 360.ActiveCfg = GTAIV TLAD|Win32
		{130629F0-649C-4E82-B00A-590905509FFB}.GTAIV TLAD|Xbox 360.Build.0 = GTAIV TLAD|Win32
		{130629F0-649C-4E82-B00A-590905509FFB}.GTAIV TLAD|Playstation 3.ActiveCfg = GTAIV TLAD|Itanium
		{130629F0-649C-4E82-B00A-590905509FFB}.GTAIV TLAD|Playstation 3.Build.0 = GTAIV TLAD|Itanium
		{130629F0-649C-4E82-B00A-590905509FFB}.GTAIV TLAD|PC.ActiveCfg = GTAIV TLAD|x64
		{130629F0-649C-4E82-B00A-590905509FFB}.GTAIV TLAD|PC.Build.0 = GTAIV TLAD|x64
		{130629F0-649C-4E82-B00A-590905509FFB}.GTAIV TBOGT|Xbox 360.ActiveCfg = GTAIV TBOGT|Win32
		{130629F0-649C-4E82-B00A-590905509FFB}.GTAIV TBOGT|Xbox 360.Build.0 = GTAIV TBOGT|Win32
		{130629F0-649C-4E82-B00A-590905509FFB}.GTAIV TBOGT|Playstation 3.ActiveCfg = GTAIV TBOGT|Itanium
		{130629F0-649C-4E82-B00A-590905509FFB}.GTAIV TBOGT|Playstation 3.Build.0 = GTAIV TBOGT|Itanium
		{130629F0-649C-4E82-B00A-590905509FFB}.GTAIV TBOGT|PC.ActiveCfg = GTAIV TBOGT|x64
		{130629F0-649C-4E82-B00A-590905509FFB}.GTAIV TBOGT|PC.Build.0 = GTAIV TBOGT|x64
		{130629F0-649C-4E82-B00A-590905509FFB}.RDR SCO|Xbox 360.ActiveCfg = RDR SCO|Win32
		{130629F0-649C-4E82-B00A-590905509FFB}.RDR SCO|Xbox 360.Build.0 = RDR SCO|Win32
		{130629F0-649C-4E82-B00A-590905509FFB}.RDR SCO|Playstation 3.ActiveCfg = RDR SCO|Itanium
		{130629F0-649C-4E82-B00A-590905509FFB}.RDR SCO|Playstation 3.Build.0 = RDR SCO|Itanium
		{130629F0-649C-4E82-B00A-590905509FFB}.RDR SCO|PC.ActiveCfg = RDR SCO|x64
		{130629F0-649C-4E82-B00A-590905509FFB}.RDR _SC|Xbox 360.ActiveCfg = RDR _SC|Win32
		{130629F0-649C-4E82-B00A-590905509FFB}.RDR _SC|Xbox 360.Build.0 = RDR _SC|Win32
		{130629F0-649C-4E82-B00A-590905509FFB}.RDR _SC|Playstation 3.ActiveCfg = RDR _SC|Itanium
		{130629F0-649C-4E82-B00A-590905509FFB}.RDR _SC|Playstation 3.Build.0 = RDR _SC|Itanium
		{130629F0-649C-4E82-B00A-590905509FFB}.RDR _SC|PC.ActiveCfg = RDR _SC|x64
		{130629F0-649C-4E82-B00A-590905509FFB}.GTAV|Xbox 360.ActiveCfg = GTAV|Win32
		{130629F0-649C-4E82-B00A-590905509FFB}.GTAV|Xbox 360.Build.0 = GTAV|Win32
		{130629F0-649C-4E82-B00A-590905509FFB}.GTAV|Playstation 3.ActiveCfg = GTAV|Itanium
		{130629F0-649C-4E82-B00A-590905509FFB}.GTAV|Playstation 3.Build.0 = GTAV|Itanium
		{130629F0-649C-4E82-B00A-590905509FFB}.GTAV|PC.ActiveCfg = GTAV|x64
		{130629F0-649C-4E82-B00A-590905509FFB}.GTAV|PC.Build.0 = GTAV|x64
	EndGlobalSection
	GlobalSection(SolutionProperties) = preSolution
		HideSolutionNode = FALSE
	EndGlobalSection
EndGlobal
